{
  "name": "parsing-data-file",
  "version": "1.0.0",
  "lockfileVersion": 2,
  "requires": true,
  "packages": {
    "": {
      "name": "parsing-data-file",
      "version": "1.0.0",
      "license": "ISC",
      "devDependencies": {
        "@types/node": "^17.0.21",
        "@types/prompt-sync": "^4.1.1",
        "typescript": "^4.5.5"
      }
    },
    "node_modules/@types/node": {
      "version": "17.0.45",
      "resolved": "https://registry.npmjs.org/@types/node/-/node-17.0.45.tgz",
      "integrity": "sha512-w+tIMs3rq2afQdsPJlODhoUEKzFP1ayaoyl1CcnwtIlsVe7K7bA1NGm4s3PraqTLlXnbIN84zuBlxBWo1u9BLw==",
      "dev": true
    },
    "node_modules/@types/prompt-sync": {
      "version": "4.1.1",
      "resolved": "https://registry.npmjs.org/@types/prompt-sync/-/prompt-sync-4.1.1.tgz",
      "integrity": "sha512-ww0S+dKSnuiO+PstYQM7yyxEkl2Y0r5lhg/g/p4ObA6m4OWsXdtuQtB+ORj/+lQ5U5OeLNNnmYVaWVB/y2JjdA==",
      "dev": true
    },
    "node_modules/typescript": {
      "version": "4.8.3",
      "resolved": "https://registry.npmjs.org/typescript/-/typescript-4.8.3.tgz",
      "integrity": "sha512-goMHfm00nWPa8UvR/CPSvykqf6dVV8x/dp0c5mFTMTIu0u0FlGWRioyy7Nn0PGAdHxpJZnuO/ut+PpQ8UiHAig==",
      "dev": true,
      "bin": {
        "tsc": "bin/tsc",
        "tsserver": "bin/tsserver"
      },
      "engines": {
        "node": ">=4.2.0"
      }
    }
  },
  "dependencies": {
    "@types/node": {
      "version": "17.0.45",
      "resolved": "https://registry.npmjs.org/@types/node/-/node-17.0.45.tgz",
      "integrity": "sha512-w+tIMs3rq2afQdsPJlODhoUEKzFP1ayaoyl1CcnwtIlsVe7K7bA1NGm4s3PraqTLlXnbIN84zuBlxBWo1u9BLw==",
      "dev": true
    },
    "@types/prompt-sync": {
      "version": "4.1.1",
      "resolved": "https://registry.npmjs.org/@types/prompt-sync/-/prompt-sync-4.1.1.tgz",
      "integrity": "sha512-ww0S+dKSnuiO+PstYQM7yyxEkl2Y0r5lhg/g/p4ObA6m4OWsXdtuQtB+ORj/+lQ5U5OeLNNnmYVaWVB/y2JjdA==",
      "dev": true
    },
    "typescript": {
      "version": "4.8.3",
      "resolved": "https://registry.npmjs.org/typescript/-/typescript-4.8.3.tgz",
      "integrity": "sha512-goMHfm00nWPa8UvR/CPSvykqf6dVV8x/dp0c5mFTMTIu0u0FlGWRioyy7Nn0PGAdHxpJZnuO/ut+PpQ8UiHAig==",
      "dev": true
    }
  }
}
